PODS:
  - google-cast-sdk (4.2.0):
    - google-cast-sdk/Core (= 4.2.0)
  - google-cast-sdk/Core (4.2.0)

DEPENDENCIES:
  - google-cast-sdk

SPEC REPOS:
  https://github.com/CocoaPods/Specs.git:
    - google-cast-sdk

SPEC CHECKSUMS:
  google-cast-sdk: 3d846f9436c8de8418150d8446b2da58f7f87388

PODFILE CHECKSUM: 33824bff8ed3c620a7e1efd453e72380acac6862

COCOAPODS: 1.5.0
